
Microsoft Visual Studio Solution File, Format Version 12.00
# Visual Studio Version 17
VisualStudioVersion = 17.9.34723.18
MinimumVisualStudioVersion = 10.0.40219.1
Project("{FAE04EC0-301F-11D3-BF4B-00C04F79EFBC}") = "ProyectoFinalPWA", "ProyectoFinalPWA\ProyectoFinalPWA.csproj", "{67A7E185-8DFE-40B4-8840-4C17E1749D41}"
EndProject
Global
	GlobalSection(SolutionConfigurationPlatforms) = preSolution
		Debug|Any CPU = Debug|Any CPU
		Release|Any CPU = Release|Any CPU
	EndGlobalSection
	GlobalSection(ProjectConfigurationPlatforms) = postSolution
		{67A7E185-8DFE-40B4-8840-4C17E1749D41}.Debug|Any CPU.ActiveCfg = Debug|Any CPU
		{67A7E185-8DFE-40B4-8840-4C17E1749D41}.Debug|Any CPU.Build.0 = Debug|Any CPU
		{67A7E185-8DFE-40B4-8840-4C17E1749D41}.Release|Any CPU.ActiveCfg = Release|Any CPU
		{67A7E185-8DFE-40B4-8840-4C17E1749D41}.Release|Any CPU.Build.0 = Release|Any CPU
	EndGlobalSection
	GlobalSection(SolutionProperties) = preSolution
		HideSolutionNode = FALSE
	EndGlobalSection
	GlobalSection(ExtensibilityGlobals) = postSolution
		SolutionGuid = {E7639357-AC85-42FD-960A-F716056BC48D}
	EndGlobalSection
EndGlobal
